// !$*UTF8*$!
{
	archiveVersion = 1;
	classes = {
	};
	objectVersion = 56;
	objects = {

/* Begin PBXBuildFile section */
		010A21F02B8D90B6008F5CD4 /* AppDelegate.m in Sources */ = {isa = PBXBuildFile; fileRef = 010A21EF2B8D90B6008F5CD4 /* AppDelegate.m */; };
		010A21F32B8D90B6008F5CD4 /* SceneDelegate.m in Sources */ = {isa = PBXBuildFile; fileRef = 010A21F22B8D90B6008F5CD4 /* SceneDelegate.m */; };
		010A21F62B8D90B6008F5CD4 /* ViewController.m in Sources */ = {isa = PBXBuildFile; fileRef = 010A21F52B8D90B6008F5CD4 /* ViewController.m */; };
		010A21F92B8D90B6008F5CD4 /* Main.storyboard in Resources */ = {isa = PBXBuildFile; fileRef = 010A21F72B8D90B6008F5CD4 /* Main.storyboard */; };
		010A21FB2B8D90BC008F5CD4 /* Assets.xcassets in Resources */ = {isa = PBXBuildFile; fileRef = 010A21FA2B8D90BC008F5CD4 /* Assets.xcassets */; };
		010A21FE2B8D90BC008F5CD4 /* LaunchScreen.storyboard in Resources */ = {isa = PBXBuildFile; fileRef = 010A21FC2B8D90BC008F5CD4 /* LaunchScreen.storyboard */; };
		010A22012B8D90BC008F5CD4 /* main.m in Sources */ = {isa = PBXBuildFile; fileRef = 010A22002B8D90BC008F5CD4 /* main.m */; };
		010A220B2B8D90BD008F5CD4 /* TTTTests.m in Sources */ = {isa = PBXBuildFile; fileRef = 010A220A2B8D90BD008F5CD4 /* TTTTests.m */; };
		010A22152B8D90BD008F5CD4 /* TTTUITests.m in Sources */ = {isa = PBXBuildFile; fileRef = 010A22142B8D90BD008F5CD4 /* TTTUITests.m */; };
		010A22172B8D90BD008F5CD4 /* TTTUITestsLaunchTests.m in Sources */ = {isa = PBXBuildFile; fileRef = 010A22162B8D90BD008F5CD4 /* TTTUITestsLaunchTests.m */; };
		011D5A1C2B90649F00879DFF /* aaa@2x.png in Resources */ = {isa = PBXBuildFile; fileRef = 011D5A1B2B90649F00879DFF /* aaa@2x.png */; };
		017C39602B8F68D300034CC0 /* CustomCell.m in Sources */ = {isa = PBXBuildFile; fileRef = 017C395F2B8F68D300034CC0 /* CustomCell.m */; };
		01BD827B2B90697B0081275D /* SVProgressHUD in Resources */ = {isa = PBXBuildFile; fileRef = 01BD827A2B90697B0081275D /* SVProgressHUD */; };
		1640C8B97B3379F1A049B834 /* Pods_TTTTests.framework in Frameworks */ = {isa = PBXBuildFile; fileRef = A660AA5F8B2BA961D79CEED6 /* Pods_TTTTests.framework */; };
		203D7FCED910C68C2DC5A7E7 /* Pods_TTT.framework in Frameworks */ = {isa = PBXBuildFile; fileRef = 3E09870E77F8A7B214FD8E52 /* Pods_TTT.framework */; };
		D7AF775BC1BFF691167BAAFA /* Pods_TTT_TTTUITests.framework in Frameworks */ = {isa = PBXBuildFile; fileRef = 4D0A6D769151F4819297299A /* Pods_TTT_TTTUITests.framework */; };
/* End PBXBuildFile section */

/* Begin PBXContainerItemProxy section */
		010A22072B8D90BD008F5CD4 /* PBXContainerItemProxy */ = {
			isa = PBXContainerItemProxy;
			containerPortal = 010A21E32B8D90B6008F5CD4 /* Project object */;
			proxyType = 1;
			remoteGlobalIDString = 010A21EA2B8D90B6008F5CD4;
			remoteInfo = TTT;
		};
		010A22112B8D90BD008F5CD4 /* PBXContainerItemProxy */ = {
			isa = PBXContainerItemProxy;
			containerPortal = 010A21E32B8D90B6008F5CD4 /* Project object */;
			proxyType = 1;
			remoteGlobalIDString = 010A21EA2B8D90B6008F5CD4;
			remoteInfo = TTT;
		};
/* End PBXContainerItemProxy section */

/* Begin PBXFileReference section */
		010A21EB2B8D90B6008F5CD4 /* TTT.app */ = {isa = PBXFileReference; explicitFileType = wrapper.application; includeInIndex = 0; path = TTT.app; sourceTree = BUILT_PRODUCTS_DIR; };
		010A21EE2B8D90B6008F5CD4 /* AppDelegate.h */ = {isa = PBXFileReference; lastKnownFileType = sourcecode.c.h; path = AppDelegate.h; sourceTree = "<group>"; };
		010A21EF2B8D90B6008F5CD4 /* AppDelegate.m */ = {isa = PBXFileReference; lastKnownFileType = sourcecode.c.objc; path = AppDelegate.m; sourceTree = "<group>"; };
		010A21F12B8D90B6008F5CD4 /* SceneDelegate.h */ = {isa = PBXFileReference; lastKnownFileType = sourcecode.c.h; path = SceneDelegate.h; sourceTree = "<group>"; };
		010A21F22B8D90B6008F5CD4 /* SceneDelegate.m */ = {isa = PBXFileReference; lastKnownFileType = sourcecode.c.objc; path = SceneDelegate.m; sourceTree = "<group>"; };
		010A21F42B8D90B6008F5CD4 /* ViewController.h */ = {isa = PBXFileReference; lastKnownFileType = sourcecode.c.h; path = ViewController.h; sourceTree = "<group>"; };
		010A21F52B8D90B6008F5CD4 /* ViewController.m */ = {isa = PBXFileReference; lastKnownFileType = sourcecode.c.objc; path = ViewController.m; sourceTree = "<group>"; };
		010A21F82B8D90B6008F5CD4 /* Base */ = {isa = PBXFileReference; lastKnownFileType = file.storyboard; name = Base; path = Base.lproj/Main.storyboard; sourceTree = "<group>"; };
		010A21FA2B8D90BC008F5CD4 /* Assets.xcassets */ = {isa = PBXFileReference; lastKnownFileType = folder.assetcatalog; path = Assets.xcassets; sourceTree = "<group>"; };
		010A21FD2B8D90BC008F5CD4 /* Base */ = {isa = PBXFileReference; lastKnownFileType = file.storyboard; name = Base; path = Base.lproj/LaunchScreen.storyboard; sourceTree = "<group>"; };
		010A21FF2B8D90BC008F5CD4 /* Info.plist */ = {isa = PBXFileReference; lastKnownFileType = text.plist.xml; path = Info.plist; sourceTree = "<group>"; };
		010A22002B8D90BC008F5CD4 /* main.m */ = {isa = PBXFileReference; lastKnownFileType = sourcecode.c.objc; path = main.m; sourceTree = "<group>"; };
		010A22062B8D90BD008F5CD4 /* TTTTests.xctest */ = {isa = PBXFileReference; explicitFileType = wrapper.cfbundle; includeInIndex = 0; path = TTTTests.xctest; sourceTree = BUILT_PRODUCTS_DIR; };
		010A220A2B8D90BD008F5CD4 /* TTTTests.m */ = {isa = PBXFileReference; lastKnownFileType = sourcecode.c.objc; path = TTTTests.m; sourceTree = "<group>"; };
		010A22102B8D90BD008F5CD4 /* TTTUITests.xctest */ = {isa = PBXFileReference; explicitFileType = wrapper.cfbundle; includeInIndex = 0; path = TTTUITests.xctest; sourceTree = BUILT_PRODUCTS_DIR; };
		010A22142B8D90BD008F5CD4 /* TTTUITests.m */ = {isa = PBXFileReference; lastKnownFileType = sourcecode.c.objc; path = TTTUITests.m; sourceTree = "<group>"; };
		010A22162B8D90BD008F5CD4 /* TTTUITestsLaunchTests.m */ = {isa = PBXFileReference; lastKnownFileType = sourcecode.c.objc; path = TTTUITestsLaunchTests.m; sourceTree = "<group>"; };
		010A22232B8DDC4B008F5CD4 /* CustomCell.h */ = {isa = PBXFileReference; lastKnownFileType = sourcecode.c.h; path = CustomCell.h; sourceTree = "<group>"; };
		011D5A1B2B90649F00879DFF /* aaa@2x.png */ = {isa = PBXFileReference; lastKnownFileType = image.png; path = "aaa@2x.png"; sourceTree = "<group>"; };
		017C395F2B8F68D300034CC0 /* CustomCell.m */ = {isa = PBXFileReference; fileEncoding = 4; lastKnownFileType = sourcecode.c.objc; path = CustomCell.m; sourceTree = "<group>"; };
		01BD827A2B90697B0081275D /* SVProgressHUD */ = {isa = PBXFileReference; lastKnownFileType = folder; path = SVProgressHUD; sourceTree = "<group>"; };
		09C8E7F4F699DB7292CFC7CF /* Pods-TTT.debug.xcconfig */ = {isa = PBXFileReference; includeInIndex = 1; lastKnownFileType = text.xcconfig; name = "Pods-TTT.debug.xcconfig"; path = "Target Support Files/Pods-TTT/Pods-TTT.debug.xcconfig"; sourceTree = "<group>"; };
		0E8F8F6FB07A47F4D72DCF77 /* Pods-TTT-TTTUITests.release.xcconfig */ = {isa = PBXFileReference; includeInIndex = 1; lastKnownFileType = text.xcconfig; name = "Pods-TTT-TTTUITests.release.xcconfig"; path = "Target Support Files/Pods-TTT-TTTUITests/Pods-TTT-TTTUITests.release.xcconfig"; sourceTree = "<group>"; };
		3E09870E77F8A7B214FD8E52 /* Pods_TTT.framework */ = {isa = PBXFileReference; explicitFileType = wrapper.framework; includeInIndex = 0; path = Pods_TTT.framework; sourceTree = BUILT_PRODUCTS_DIR; };
		4D0A6D769151F4819297299A /* Pods_TTT_TTTUITests.framework */ = {isa = PBXFileReference; explicitFileType = wrapper.framework; includeInIndex = 0; path = Pods_TTT_TTTUITests.framework; sourceTree = BUILT_PRODUCTS_DIR; };
		64B5E23FD202F70D6AF57958 /* Pods-TTTTests.debug.xcconfig */ = {isa = PBXFileReference; includeInIndex = 1; lastKnownFileType = text.xcconfig; name = "Pods-TTTTests.debug.xcconfig"; path = "Target Support Files/Pods-TTTTests/Pods-TTTTests.debug.xcconfig"; sourceTree = "<group>"; };
		A660AA5F8B2BA961D79CEED6 /* Pods_TTTTests.framework */ = {isa = PBXFileReference; explicitFileType = wrapper.framework; includeInIndex = 0; path = Pods_TTTTests.framework; sourceTree = BUILT_PRODUCTS_DIR; };
		C32D92D2BBED59B18B5A41DE /* Pods-TTTTests.release.xcconfig */ = {isa = PBXFileReference; includeInIndex = 1; lastKnownFileType = text.xcconfig; name = "Pods-TTTTests.release.xcconfig"; path = "Target Support Files/Pods-TTTTests/Pods-TTTTests.release.xcconfig"; sourceTree = "<group>"; };
		C4058F46FDD05A6911F4FB1F /* Pods-TTT.release.xcconfig */ = {isa = PBXFileReference; includeInIndex = 1; lastKnownFileType = text.xcconfig; name = "Pods-TTT.release.xcconfig"; path = "Target Support Files/Pods-TTT/Pods-TTT.release.xcconfig"; sourceTree = "<group>"; };
		DFEEB603CF0B6C580DD7EB14 /* Pods-TTT-TTTUITests.debug.xcconfig */ = {isa = PBXFileReference; includeInIndex = 1; lastKnownFileType = text.xcconfig; name = "Pods-TTT-TTTUITests.debug.xcconfig"; path = "Target Support Files/Pods-TTT-TTTUITests/Pods-TTT-TTTUITests.debug.xcconfig"; sourceTree = "<group>"; };
/* End PBXFileReference section */

/* Begin PBXFrameworksBuildPhase section */
		010A21E82B8D90B6008F5CD4 /* Frameworks */ = {
			isa = PBXFrameworksBuildPhase;
			buildActionMask = 2147483647;
			files = (
				203D7FCED910C68C2DC5A7E7 /* Pods_TTT.framework in Frameworks */,
			);
			runOnlyForDeploymentPostprocessing = 0;
		};
		010A22032B8D90BD008F5CD4 /* Frameworks */ = {
			isa = PBXFrameworksBuildPhase;
			buildActionMask = 2147483647;
			files = (
				1640C8B97B3379F1A049B834 /* Pods_TTTTests.framework in Frameworks */,
			);
			runOnlyForDeploymentPostprocessing = 0;
		};
		010A220D2B8D90BD008F5CD4 /* Frameworks */ = {
			isa = PBXFrameworksBuildPhase;
			buildActionMask = 2147483647;
			files = (
				D7AF775BC1BFF691167BAAFA /* Pods_TTT_TTTUITests.framework in Frameworks */,
			);
			runOnlyForDeploymentPostprocessing = 0;
		};
/* End PBXFrameworksBuildPhase section */

/* Begin PBXGroup section */
		010A21E22B8D90B5008F5CD4 = {
			isa = PBXGroup;
			children = (
				010A21ED2B8D90B6008F5CD4 /* TTT */,
				010A22092B8D90BD008F5CD4 /* TTTTests */,
				010A22132B8D90BD008F5CD4 /* TTTUITests */,
				010A21EC2B8D90B6008F5CD4 /* Products */,
				150B08EDBAB428EFAC2728B5 /* Pods */,
				65CEA33C82258FBF8784E0AA /* Frameworks */,
			);
			sourceTree = "<group>";
		};
		010A21EC2B8D90B6008F5CD4 /* Products */ = {
			isa = PBXGroup;
			children = (
				010A21EB2B8D90B6008F5CD4 /* TTT.app */,
				010A22062B8D90BD008F5CD4 /* TTTTests.xctest */,
				010A22102B8D90BD008F5CD4 /* TTTUITests.xctest */,
			);
			name = Products;
			sourceTree = "<group>";
		};
		010A21ED2B8D90B6008F5CD4 /* TTT */ = {
			isa = PBXGroup;
			children = (
				01BD827A2B90697B0081275D /* SVProgressHUD */,
				010A21EE2B8D90B6008F5CD4 /* AppDelegate.h */,
				010A21EF2B8D90B6008F5CD4 /* AppDelegate.m */,
				010A21F12B8D90B6008F5CD4 /* SceneDelegate.h */,
				010A21F22B8D90B6008F5CD4 /* SceneDelegate.m */,
				010A21F42B8D90B6008F5CD4 /* ViewController.h */,
				010A21F52B8D90B6008F5CD4 /* ViewController.m */,
				017C395F2B8F68D300034CC0 /* CustomCell.m */,
				010A22232B8DDC4B008F5CD4 /* CustomCell.h */,
				010A21F72B8D90B6008F5CD4 /* Main.storyboard */,
				010A21FA2B8D90BC008F5CD4 /* Assets.xcassets */,
				011D5A1B2B90649F00879DFF /* aaa@2x.png */,
				010A21FC2B8D90BC008F5CD4 /* LaunchScreen.storyboard */,
				010A21FF2B8D90BC008F5CD4 /* Info.plist */,
				010A22002B8D90BC008F5CD4 /* main.m */,
			);
			path = TTT;
			sourceTree = "<group>";
		};
		010A22092B8D90BD008F5CD4 /* TTTTests */ = {
			isa = PBXGroup;
			children = (
				010A220A2B8D90BD008F5CD4 /* TTTTests.m */,
			);
			path = TTTTests;
			sourceTree = "<group>";
		};
		010A22132B8D90BD008F5CD4 /* TTTUITests */ = {
			isa = PBXGroup;
			children = (
				010A22142B8D90BD008F5CD4 /* TTTUITests.m */,
				010A22162B8D90BD008F5CD4 /* TTTUITestsLaunchTests.m */,
			);
			path = TTTUITests;
			sourceTree = "<group>";
		};
		150B08EDBAB428EFAC2728B5 /* Pods */ = {
			isa = PBXGroup;
			children = (
				09C8E7F4F699DB7292CFC7CF /* Pods-TTT.debug.xcconfig */,
				C4058F46FDD05A6911F4FB1F /* Pods-TTT.release.xcconfig */,
				DFEEB603CF0B6C580DD7EB14 /* Pods-TTT-TTTUITests.debug.xcconfig */,
				0E8F8F6FB07A47F4D72DCF77 /* Pods-TTT-TTTUITests.release.xcconfig */,
				64B5E23FD202F70D6AF57958 /* Pods-TTTTests.debug.xcconfig */,
				C32D92D2BBED59B18B5A41DE /* Pods-TTTTests.release.xcconfig */,
			);
			path = Pods;
			sourceTree = "<group>";
		};
		65CEA33C82258FBF8784E0AA /* Frameworks */ = {
			isa = PBXGroup;
			children = (
				3E09870E77F8A7B214FD8E52 /* Pods_TTT.framework */,
				4D0A6D769151F4819297299A /* Pods_TTT_TTTUITests.framework */,
				A660AA5F8B2BA961D79CEED6 /* Pods_TTTTests.framework */,
			);
			name = Frameworks;
			sourceTree = "<group>";
		};
/* End PBXGroup section */

/* Begin PBXNativeTarget section */
		010A21EA2B8D90B6008F5CD4 /* TTT */ = {
			isa = PBXNativeTarget;
			buildConfigurationList = 010A221A2B8D90BD008F5CD4 /* Build configuration list for PBXNativeTarget "TTT" */;
			buildPhases = (
				35FA1486C3205D300FA54B1C /* [CP] Check Pods Manifest.lock */,
				010A21E72B8D90B6008F5CD4 /* Sources */,
				010A21E82B8D90B6008F5CD4 /* Frameworks */,
				010A21E92B8D90B6008F5CD4 /* Resources */,
			);
			buildRules = (
			);
			dependencies = (
			);
			name = TTT;
			productName = TTT;
			productReference = 010A21EB2B8D90B6008F5CD4 /* TTT.app */;
			productType = "com.apple.product-type.application";
		};
		010A22052B8D90BD008F5CD4 /* TTTTests */ = {
			isa = PBXNativeTarget;
			buildConfigurationList = 010A221D2B8D90BD008F5CD4 /* Build configuration list for PBXNativeTarget "TTTTests" */;
			buildPhases = (
				9841CA518CA4018BE1492695 /* [CP] Check Pods Manifest.lock */,
				010A22022B8D90BD008F5CD4 /* Sources */,
				010A22032B8D90BD008F5CD4 /* Frameworks */,
				010A22042B8D90BD008F5CD4 /* Resources */,
			);
			buildRules = (
			);
			dependencies = (
				010A22082B8D90BD008F5CD4 /* PBXTargetDependency */,
			);
			name = TTTTests;
			productName = TTTTests;
			productReference = 010A22062B8D90BD008F5CD4 /* TTTTests.xctest */;
			productType = "com.apple.product-type.bundle.unit-test";
		};
		010A220F2B8D90BD008F5CD4 /* TTTUITests */ = {
			isa = PBXNativeTarget;
			buildConfigurationList = 010A22202B8D90BD008F5CD4 /* Build configuration list for PBXNativeTarget "TTTUITests" */;
			buildPhases = (
				B366EC0A2BA05EAB41200131 /* [CP] Check Pods Manifest.lock */,
				010A220C2B8D90BD008F5CD4 /* Sources */,
				010A220D2B8D90BD008F5CD4 /* Frameworks */,
				010A220E2B8D90BD008F5CD4 /* Resources */,
			);
			buildRules = (
			);
			dependencies = (
				010A22122B8D90BD008F5CD4 /* PBXTargetDependency */,
			);
			name = TTTUITests;
			productName = TTTUITests;
			productReference = 010A22102B8D90BD008F5CD4 /* TTTUITests.xctest */;
			productType = "com.apple.product-type.bundle.ui-testing";
		};
/* End PBXNativeTarget section */

/* Begin PBXProject section */
		010A21E32B8D90B6008F5CD4 /* Project object */ = {
			isa = PBXProject;
			attributes = {
				BuildIndependentTargetsInParallel = 1;
				LastUpgradeCheck = 1500;
				TargetAttributes = {
					010A21EA2B8D90B6008F5CD4 = {
						CreatedOnToolsVersion = 15.0;
					};
					010A22052B8D90BD008F5CD4 = {
						CreatedOnToolsVersion = 15.0;
						TestTargetID = 010A21EA2B8D90B6008F5CD4;
					};
					010A220F2B8D90BD008F5CD4 = {
						CreatedOnToolsVersion = 15.0;
						TestTargetID = 010A21EA2B8D90B6008F5CD4;
					};
				};
			};
			buildConfigurationList = 010A21E62B8D90B6008F5CD4 /* Build configuration list for PBXProject "TTT" */;
			compatibilityVersion = "Xcode 14.0";
			developmentRegion = en;
			hasScannedForEncodings = 0;
			knownRegions = (
				en,
				Base,
			);
			mainGroup = 010A21E22B8D90B5008F5CD4;
			productRefGroup = 010A21EC2B8D90B6008F5CD4 /* Products */;
			projectDirPath = "";
			projectRoot = "";
			targets = (
				010A21EA2B8D90B6008F5CD4 /* TTT */,
				010A22052B8D90BD008F5CD4 /* TTTTests */,
				010A220F2B8D90BD008F5CD4 /* TTTUITests */,
			);
		};
/* End PBXProject section */

/* Begin PBXResourcesBuildPhase section */
		010A21E92B8D90B6008F5CD4 /* Resources */ = {
			isa = PBXResourcesBuildPhase;
			buildActionMask = 2147483647;
			files = (
				010A21FE2B8D90BC008F5CD4 /* LaunchScreen.storyboard in Resources */,
				01BD827B2B90697B0081275D /* SVProgressHUD in Resources */,
				010A21FB2B8D90BC008F5CD4 /* Assets.xcassets in Resources */,
				011D5A1C2B90649F00879DFF /* aaa@2x.png in Resources */,
				010A21F92B8D90B6008F5CD4 /* Main.storyboard in Resources */,
			);
			runOnlyForDeploymentPostprocessing = 0;
		};
		010A22042B8D90BD008F5CD4 /* Resources */ = {
			isa = PBXResourcesBuildPhase;
			buildActionMask = 2147483647;
			files = (
			);
			runOnlyForDeploymentPostprocessing = 0;
		};
		010A220E2B8D90BD008F5CD4 /* Resources */ = {
			isa = PBXResourcesBuildPhase;
			buildActionMask = 2147483647;
			files = (
			);
			runOnlyForDeploymentPostprocessing = 0;
		};
/* End PBXResourcesBuildPhase section */

/* Begin PBXShellScriptBuildPhase section */
		35FA1486C3205D300FA54B1C /* [CP] Check Pods Manifest.lock */ = {
			isa = PBXShellScriptBuildPhase;
			buildActionMask = 2147483647;
			files = (
			);
			inputFileListPaths = (
			);
			inputPaths = (
				"${PODS_PODFILE_DIR_PATH}/Podfile.lock",
				"${PODS_ROOT}/Manifest.lock",
			);
			name = "[CP] Check Pods Manifest.lock";
			outputFileListPaths = (
			);
			outputPaths = (
				"$(DERIVED_FILE_DIR)/Pods-TTT-checkManifestLockResult.txt",
			);
			runOnlyForDeploymentPostprocessing = 0;
			shellPath = /bin/sh;
			shellScript = "diff \"${PODS_PODFILE_DIR_PATH}/Podfile.lock\" \"${PODS_ROOT}/Manifest.lock\" > /dev/null\nif [ $? != 0 ] ; then\n    # print error to STDERR\n    echo \"error: The sandbox is not in sync with the Podfile.lock. Run 'pod install' or update your CocoaPods installation.\" >&2\n    exit 1\nfi\n# This output is used by Xcode 'outputs' to avoid re-running this script phase.\necho \"SUCCESS\" > \"${SCRIPT_OUTPUT_FILE_0}\"\n";
			showEnvVarsInLog = 0;
		};
		9841CA518CA4018BE1492695 /* [CP] Check Pods Manifest.lock */ = {
			isa = PBXShellScriptBuildPhase;
			buildActionMask = 2147483647;
			files = (
			);
			inputFileListPaths = (
			);
			inputPaths = (
				"${PODS_PODFILE_DIR_PATH}/Podfile.lock",
				"${PODS_ROOT}/Manifest.lock",
			);
			name = "[CP] Check Pods Manifest.lock";
			outputFileListPaths = (
			);
			outputPaths = (
				"$(DERIVED_FILE_DIR)/Pods-TTTTests-checkManifestLockResult.txt",
			);
			runOnlyForDeploymentPostprocessing = 0;
			shellPath = /bin/sh;
			shellScript = "diff \"${PODS_PODFILE_DIR_PATH}/Podfile.lock\" \"${PODS_ROOT}/Manifest.lock\" > /dev/null\nif [ $? != 0 ] ; then\n    # print error to STDERR\n    echo \"error: The sandbox is not in sync with the Podfile.lock. Run 'pod install' or update your CocoaPods installation.\" >&2\n    exit 1\nfi\n# This output is used by Xcode 'outputs' to avoid re-running this script phase.\necho \"SUCCESS\" > \"${SCRIPT_OUTPUT_FILE_0}\"\n";
			showEnvVarsInLog = 0;
		};
		B366EC0A2BA05EAB41200131 /* [CP] Check Pods Manifest.lock */ = {
			isa = PBXShellScriptBuildPhase;
			buildActionMask = 2147483647;
			files = (
			);
			inputFileListPaths = (
			);
			inputPaths = (
				"${PODS_PODFILE_DIR_PATH}/Podfile.lock",
				"${PODS_ROOT}/Manifest.lock",
			);
			name = "[CP] Check Pods Manifest.lock";
			outputFileListPaths = (
			);
			outputPaths = (
				"$(DERIVED_FILE_DIR)/Pods-TTT-TTTUITests-checkManifestLockResult.txt",
			);
			runOnlyForDeploymentPostprocessing = 0;
			shellPath = /bin/sh;
			shellScript = "diff \"${PODS_PODFILE_DIR_PATH}/Podfile.lock\" \"${PODS_ROOT}/Manifest.lock\" > /dev/null\nif [ $? != 0 ] ; then\n    # print error to STDERR\n    echo \"error: The sandbox is not in sync with the Podfile.lock. Run 'pod install' or update your CocoaPods installation.\" >&2\n    exit 1\nfi\n# This output is used by Xcode 'outputs' to avoid re-running this script phase.\necho \"SUCCESS\" > \"${SCRIPT_OUTPUT_FILE_0}\"\n";
			showEnvVarsInLog = 0;
		};
/* End PBXShellScriptBuildPhase section */

/* Begin PBXSourcesBuildPhase section */
		010A21E72B8D90B6008F5CD4 /* Sources */ = {
			isa = PBXSourcesBuildPhase;
			buildActionMask = 2147483647;
			files = (
				010A21F62B8D90B6008F5CD4 /* ViewController.m in Sources */,
				010A21F02B8D90B6008F5CD4 /* AppDelegate.m in Sources */,
				010A22012B8D90BC008F5CD4 /* main.m in Sources */,
				010A21F32B8D90B6008F5CD4 /* SceneDelegate.m in Sources */,
				017C39602B8F68D300034CC0 /* CustomCell.m in Sources */,
			);
			runOnlyForDeploymentPostprocessing = 0;
		};
		010A22022B8D90BD008F5CD4 /* Sources */ = {
			isa = PBXSourcesBuildPhase;
			buildActionMask = 2147483647;
			files = (
				010A220B2B8D90BD008F5CD4 /* TTTTests.m in Sources */,
			);
			runOnlyForDeploymentPostprocessing = 0;
		};
		010A220C2B8D90BD008F5CD4 /* Sources */ = {
			isa = PBXSourcesBuildPhase;
			buildActionMask = 2147483647;
			files = (
				010A22152B8D90BD008F5CD4 /* TTTUITests.m in Sources */,
				010A22172B8D90BD008F5CD4 /* TTTUITestsLaunchTests.m in Sources */,
			);
			runOnlyForDeploymentPostprocessing = 0;
		};
/* End PBXSourcesBuildPhase section */

/* Begin PBXTargetDependency section */
		010A22082B8D90BD008F5CD4 /* PBXTargetDependency */ = {
			isa = PBXTargetDependency;
			target = 010A21EA2B8D90B6008F5CD4 /* TTT */;
			targetProxy = 010A22072B8D90BD008F5CD4 /* PBXContainerItemProxy */;
		};
		010A22122B8D90BD008F5CD4 /* PBXTargetDependency */ = {
			isa = PBXTargetDependency;
			target = 010A21EA2B8D90B6008F5CD4 /* TTT */;
			targetProxy = 010A22112B8D90BD008F5CD4 /* PBXContainerItemProxy */;
		};
/* End PBXTargetDependency section */

/* Begin PBXVariantGroup section */
		010A21F72B8D90B6008F5CD4 /* Main.storyboard */ = {
			isa = PBXVariantGroup;
			children = (
				010A21F82B8D90B6008F5CD4 /* Base */,
			);
			name = Main.storyboard;
			sourceTree = "<group>";
		};
		010A21FC2B8D90BC008F5CD4 /* LaunchScreen.storyboard */ = {
			isa = PBXVariantGroup;
			children = (
				010A21FD2B8D90BC008F5CD4 /* Base */,
			);
			name = LaunchScreen.storyboard;
			sourceTree = "<group>";
		};
/* End PBXVariantGroup section */

/* Begin XCBuildConfiguration section */
		010A22182B8D90BD008F5CD4 /* Debug */ = {
			isa = XCBuildConfiguration;
			buildSettings = {
				ALWAYS_SEARCH_USER_PATHS = NO;
				ASSETCATALOG_COMPILER_GENERATE_SWIFT_ASSET_SYMBOL_EXTENSIONS = YES;
				CLANG_ANALYZER_NONNULL = YES;
				CLANG_ANALYZER_NUMBER_OBJECT_CONVERSION = YES_AGGRESSIVE;
				CLANG_CXX_LANGUAGE_STANDARD = "gnu++20";
				CLANG_ENABLE_MODULES = YES;
				CLANG_ENABLE_OBJC_ARC = YES;
				CLANG_ENABLE_OBJC_WEAK = YES;
				CLANG_WARN_BLOCK_CAPTURE_AUTORELEASING = YES;
				CLANG_WARN_BOOL_CONVERSION = YES;
				CLANG_WARN_COMMA = YES;
				CLANG_WARN_CONSTANT_CONVERSION = YES;
				CLANG_WARN_DEPRECATED_OBJC_IMPLEMENTATIONS = YES;
				CLANG_WARN_DIRECT_OBJC_ISA_USAGE = YES_ERROR;
				CLANG_WARN_DOCUMENTATION_COMMENTS = YES;
				CLANG_WARN_EMPTY_BODY = YES;
				CLANG_WARN_ENUM_CONVERSION = YES;
				CLANG_WARN_INFINITE_RECURSION = YES;
				CLANG_WARN_INT_CONVERSION = YES;
				CLANG_WARN_NON_LITERAL_NULL_CONVERSION = YES;
				CLANG_WARN_OBJC_IMPLICIT_RETAIN_SELF = YES;
				CLANG_WARN_OBJC_LITERAL_CONVERSION = YES;
				CLANG_WARN_OBJC_ROOT_CLASS = YES_ERROR;
				CLANG_WARN_QUOTED_INCLUDE_IN_FRAMEWORK_HEADER = YES;
				CLANG_WARN_RANGE_LOOP_ANALYSIS = YES;
				CLANG_WARN_STRICT_PROTOTYPES = YES;
				CLANG_WARN_SUSPICIOUS_MOVE = YES;
				CLANG_WARN_UNGUARDED_AVAILABILITY = YES_AGGRESSIVE;
				CLANG_WARN_UNREACHABLE_CODE = YES;
				CLANG_WARN__DUPLICATE_METHOD_MATCH = YES;
				COPY_PHASE_STRIP = NO;
				DEBUG_INFORMATION_FORMAT = dwarf;
				ENABLE_STRICT_OBJC_MSGSEND = YES;
				ENABLE_TESTABILITY = YES;
				ENABLE_USER_SCRIPT_SANDBOXING = YES;
				GCC_C_LANGUAGE_STANDARD = gnu17;
				GCC_DYNAMIC_NO_PIC = NO;
				GCC_NO_COMMON_BLOCKS = YES;
				GCC_OPTIMIZATION_LEVEL = 0;
				GCC_PREPROCESSOR_DEFINITIONS = (
					"DEBUG=1",
					"$(inherited)",
				);
				GCC_WARN_64_TO_32_BIT_CONVERSION = YES;
				GCC_WARN_ABOUT_RETURN_TYPE = YES_ERROR;
				GCC_WARN_UNDECLARED_SELECTOR = YES;
				GCC_WARN_UNINITIALIZED_AUTOS = YES_AGGRESSIVE;
				GCC_WARN_UNUSED_FUNCTION = YES;
				GCC_WARN_UNUSED_VARIABLE = YES;
				IPHONEOS_DEPLOYMENT_TARGET = 17.0;
				LOCALIZATION_PREFERS_STRING_CATALOGS = YES;
				MTL_ENABLE_DEBUG_INFO = INCLUDE_SOURCE;
				MTL_FAST_MATH = YES;
				ONLY_ACTIVE_ARCH = YES;
				SDKROOT = iphoneos;
			};
			name = Debug;
		};
		010A22192B8D90BD008F5CD4 /* Release */ = {
			isa = XCBuildConfiguration;
			buildSettings = {
				ALWAYS_SEARCH_USER_PATHS = NO;
				ASSETCATALOG_COMPILER_GENERATE_SWIFT_ASSET_SYMBOL_EXTENSIONS = YES;
				CLANG_ANALYZER_NONNULL = YES;
				CLANG_ANALYZER_NUMBER_OBJECT_CONVERSION = YES_AGGRESSIVE;
				CLANG_CXX_LANGUAGE_STANDARD = "gnu++20";
				CLANG_ENABLE_MODULES = YES;
				CLANG_ENABLE_OBJC_ARC = YES;
				CLANG_ENABLE_OBJC_WEAK = YES;
				CLANG_WARN_BLOCK_CAPTURE_AUTORELEASING = YES;
				CLANG_WARN_BOOL_CONVERSION = YES;
				CLANG_WARN_COMMA = YES;
				CLANG_WARN_CONSTANT_CONVERSION = YES;
				CLANG_WARN_DEPRECATED_OBJC_IMPLEMENTATIONS = YES;
				CLANG_WARN_DIRECT_OBJC_ISA_USAGE = YES_ERROR;
				CLANG_WARN_DOCUMENTATION_COMMENTS = YES;
				CLANG_WARN_EMPTY_BODY = YES;
				CLANG_WARN_ENUM_CONVERSION = YES;
				CLANG_WARN_INFINITE_RECURSION = YES;
				CLANG_WARN_INT_CONVERSION = YES;
				CLANG_WARN_NON_LITERAL_NULL_CONVERSION = YES;
				CLANG_WARN_OBJC_IMPLICIT_RETAIN_SELF = YES;
				CLANG_WARN_OBJC_LITERAL_CONVERSION = YES;
				CLANG_WARN_OBJC_ROOT_CLASS = YES_ERROR;
				CLANG_WARN_QUOTED_INCLUDE_IN_FRAMEWORK_HEADER = YES;
				CLANG_WARN_RANGE_LOOP_ANALYSIS = YES;
				CLANG_WARN_STRICT_PROTOTYPES = YES;
				CLANG_WARN_SUSPICIOUS_MOVE = YES;
				CLANG_WARN_UNGUARDED_AVAILABILITY = YES_AGGRESSIVE;
				CLANG_WARN_UNREACHABLE_CODE = YES;
				CLANG_WARN__DUPLICATE_METHOD_MATCH = YES;
				COPY_PHASE_STRIP = NO;
				DEBUG_INFORMATION_FORMAT = "dwarf-with-dsym";
				ENABLE_NS_ASSERTIONS = NO;
				ENABLE_STRICT_OBJC_MSGSEND = YES;
				ENABLE_USER_SCRIPT_SANDBOXING = YES;
				GCC_C_LANGUAGE_STANDARD = gnu17;
				GCC_NO_COMMON_BLOCKS = YES;
				GCC_WARN_64_TO_32_BIT_CONVERSION = YES;
				GCC_WARN_ABOUT_RETURN_TYPE = YES_ERROR;
				GCC_WARN_UNDECLARED_SELECTOR = YES;
				GCC_WARN_UNINITIALIZED_AUTOS = YES_AGGRESSIVE;
				GCC_WARN_UNUSED_FUNCTION = YES;
				GCC_WARN_UNUSED_VARIABLE = YES;
				IPHONEOS_DEPLOYMENT_TARGET = 17.0;
				LOCALIZATION_PREFERS_STRING_CATALOGS = YES;
				MTL_ENABLE_DEBUG_INFO = NO;
				MTL_FAST_MATH = YES;
				SDKROOT = iphoneos;
				VALIDATE_PRODUCT = YES;
			};
			name = Release;
		};
		010A221B2B8D90BD008F5CD4 /* Debug */ = {
			isa = XCBuildConfiguration;
			baseConfigurationReference = 09C8E7F4F699DB7292CFC7CF /* Pods-TTT.debug.xcconfig */;
			buildSettings = {
				ASSETCATALOG_COMPILER_APPICON_NAME = AppIcon;
				ASSETCATALOG_COMPILER_GLOBAL_ACCENT_COLOR_NAME = AccentColor;
				"CODE_SIGN_IDENTITY[sdk=iphoneos*]" = "iPhone Developer";
				CODE_SIGN_STYLE = Manual;
				CURRENT_PROJECT_VERSION = 1;
				DEVELOPMENT_TEAM = "";
				"DEVELOPMENT_TEAM[sdk=iphoneos*]" = SHV56P72QA;
				GENERATE_INFOPLIST_FILE = YES;
				INFOPLIST_FILE = TTT/Info.plist;
				INFOPLIST_KEY_UIApplicationSupportsIndirectInputEvents = YES;
				INFOPLIST_KEY_UILaunchStoryboardName = LaunchScreen;
				INFOPLIST_KEY_UIMainStoryboardFile = Main;
				INFOPLIST_KEY_UISupportedInterfaceOrientations_iPad = "UIInterfaceOrientationPortrait UIInterfaceOrientationPortraitUpsideDown UIInterfaceOrientationLandscapeLeft UIInterfaceOrientationLandscapeRight";
				INFOPLIST_KEY_UISupportedInterfaceOrientations_iPhone = "UIInterfaceOrientationPortrait UIInterfaceOrientationLandscapeLeft UIInterfaceOrientationLandscapeRight";
				IPHONEOS_DEPLOYMENT_TARGET = 13.5;
				LD_RUNPATH_SEARCH_PATHS = (
					"$(inherited)",
					"@executable_path/Frameworks",
				);
				MARKETING_VERSION = 1.0;
				PRODUCT_BUNDLE_IDENTIFIER = com.umu.umuinteraction;
				PRODUCT_NAME = "$(TARGET_NAME)";
				PROVISIONING_PROFILE_SPECIFIER = "";
				"PROVISIONING_PROFILE_SPECIFIER[sdk=iphoneos*]" = umu_cn_dev;
				SWIFT_EMIT_LOC_STRINGS = YES;
				TARGETED_DEVICE_FAMILY = "1,2";
			};
			name = Debug;
		};
		010A221C2B8D90BD008F5CD4 /* Release */ = {
			isa = XCBuildConfiguration;
			baseConfigurationReference = C4058F46FDD05A6911F4FB1F /* Pods-TTT.release.xcconfig */;
			buildSettings = {
				ASSETCATALOG_COMPILER_APPICON_NAME = AppIcon;
				ASSETCATALOG_COMPILER_GLOBAL_ACCENT_COLOR_NAME = AccentColor;
				"CODE_SIGN_IDENTITY[sdk=iphoneos*]" = "iPhone Developer";
				CODE_SIGN_STYLE = Manual;
				CURRENT_PROJECT_VERSION = 1;
				DEVELOPMENT_TEAM = "";
				"DEVELOPMENT_TEAM[sdk=iphoneos*]" = SHV56P72QA;
				GENERATE_INFOPLIST_FILE = YES;
				INFOPLIST_FILE = TTT/Info.plist;
				INFOPLIST_KEY_UIApplicationSupportsIndirectInputEvents = YES;
				INFOPLIST_KEY_UILaunchStoryboardName = LaunchScreen;
				INFOPLIST_KEY_UIMainStoryboardFile = Main;
				INFOPLIST_KEY_UISupportedInterfaceOrientations_iPad = "UIInterfaceOrientationPortrait UIInterfaceOrientationPortraitUpsideDown UIInterfaceOrientationLandscapeLeft UIInterfaceOrientationLandscapeRight";
				INFOPLIST_KEY_UISupportedInterfaceOrientations_iPhone = "UIInterfaceOrientationPortrait UIInterfaceOrientationLandscapeLeft UIInterfaceOrientationLandscapeRight";
				IPHONEOS_DEPLOYMENT_TARGET = 13.5;
				LD_RUNPATH_SEARCH_PATHS = (
					"$(inherited)",
					"@executable_path/Frameworks",
				);
				MARKETING_VERSION = 1.0;
				PRODUCT_BUNDLE_IDENTIFIER = com.umu.umuinteraction;
				PRODUCT_NAME = "$(TARGET_NAME)";
				PROVISIONING_PROFILE_SPECIFIER = "";
				"PROVISIONING_PROFILE_SPECIFIER[sdk=iphoneos*]" = umu_cn_dev;
				SWIFT_EMIT_LOC_STRINGS = YES;
				TARGETED_DEVICE_FAMILY = "1,2";
			};
			name = Release;
		};
		010A221E2B8D90BD008F5CD4 /* Debug */ = {
			isa = XCBuildConfiguration;
			baseConfigurationReference = 64B5E23FD202F70D6AF57958 /* Pods-TTTTests.debug.xcconfig */;
			buildSettings = {
				BUNDLE_LOADER = "$(TEST_HOST)";
				CODE_SIGN_STYLE = Automatic;
				CURRENT_PROJECT_VERSION = 1;
				GENERATE_INFOPLIST_FILE = YES;
				IPHONEOS_DEPLOYMENT_TARGET = 17.0;
				MARKETING_VERSION = 1.0;
				PRODUCT_BUNDLE_IDENTIFIER = xxx.xxx.TTTTests;
				PRODUCT_NAME = "$(TARGET_NAME)";
				SWIFT_EMIT_LOC_STRINGS = NO;
				TARGETED_DEVICE_FAMILY = "1,2";
				TEST_HOST = "$(BUILT_PRODUCTS_DIR)/TTT.app/$(BUNDLE_EXECUTABLE_FOLDER_PATH)/TTT";
			};
			name = Debug;
		};
		010A221F2B8D90BD008F5CD4 /* Release */ = {
			isa = XCBuildConfiguration;
			baseConfigurationReference = C32D92D2BBED59B18B5A41DE /* Pods-TTTTests.release.xcconfig */;
			buildSettings = {
				BUNDLE_LOADER = "$(TEST_HOST)";
				CODE_SIGN_STYLE = Automatic;
				CURRENT_PROJECT_VERSION = 1;
				GENERATE_INFOPLIST_FILE = YES;
				IPHONEOS_DEPLOYMENT_TARGET = 17.0;
				MARKETING_VERSION = 1.0;
				PRODUCT_BUNDLE_IDENTIFIER = xxx.xxx.TTTTests;
				PRODUCT_NAME = "$(TARGET_NAME)";
				SWIFT_EMIT_LOC_STRINGS = NO;
				TARGETED_DEVICE_FAMILY = "1,2";
				TEST_HOST = "$(BUILT_PRODUCTS_DIR)/TTT.app/$(BUNDLE_EXECUTABLE_FOLDER_PATH)/TTT";
			};
			name = Release;
		};
		010A22212B8D90BD008F5CD4 /* Debug */ = {
			isa = XCBuildConfiguration;
			baseConfigurationReference = DFEEB603CF0B6C580DD7EB14 /* Pods-TTT-TTTUITests.debug.xcconfig */;
			buildSettings = {
				CODE_SIGN_STYLE = Automatic;
				CURRENT_PROJECT_VERSION = 1;
				GENERATE_INFOPLIST_FILE = YES;
				MARKETING_VERSION = 1.0;
				PRODUCT_BUNDLE_IDENTIFIER = xxx.xxx.TTTUITests;
				PRODUCT_NAME = "$(TARGET_NAME)";
				SWIFT_EMIT_LOC_STRINGS = NO;
				TARGETED_DEVICE_FAMILY = "1,2";
				TEST_TARGET_NAME = TTT;
			};
			name = Debug;
		};
		010A22222B8D90BD008F5CD4 /* Release */ = {
			isa = XCBuildConfiguration;
			baseConfigurationReference = 0E8F8F6FB07A47F4D72DCF77 /* Pods-TTT-TTTUITests.release.xcconfig */;
			buildSettings = {
				CODE_SIGN_STYLE = Automatic;
				CURRENT_PROJECT_VERSION = 1;
				GENERATE_INFOPLIST_FILE = YES;
				MARKETING_VERSION = 1.0;
				PRODUCT_BUNDLE_IDENTIFIER = xxx.xxx.TTTUITests;
				PRODUCT_NAME = "$(TARGET_NAME)";
				SWIFT_EMIT_LOC_STRINGS = NO;
				TARGETED_DEVICE_FAMILY = "1,2";
				TEST_TARGET_NAME = TTT;
			};
			name = Release;
		};
/* End XCBuildConfiguration section */

/* Begin XCConfigurationList section */
		010A21E62B8D90B6008F5CD4 /* Build configuration list for PBXProject "TTT" */ = {
			isa = XCConfigurationList;
			buildConfigurations = (
				010A22182B8D90BD008F5CD4 /* Debug */,
				010A22192B8D90BD008F5CD4 /* Release */,
			);
			defaultConfigurationIsVisible = 0;
			defaultConfigurationName = Release;
		};
		010A221A2B8D90BD008F5CD4 /* Build configuration list for PBXNativeTarget "TTT" */ = {
			isa = XCConfigurationList;
			buildConfigurations = (
				010A221B2B8D90BD008F5CD4 /* Debug */,
				010A221C2B8D90BD008F5CD4 /* Release */,
			);
			defaultConfigurationIsVisible = 0;
			defaultConfigurationName = Release;
		};
		010A221D2B8D90BD008F5CD4 /* Build configuration list for PBXNativeTarget "TTTTests" */ = {
			isa = XCConfigurationList;
			buildConfigurations = (
				010A221E2B8D90BD008F5CD4 /* Debug */,
				010A221F2B8D90BD008F5CD4 /* Release */,
			);
			defaultConfigurationIsVisible = 0;
			defaultConfigurationName = Release;
		};
		010A22202B8D90BD008F5CD4 /* Build configuration list for PBXNativeTarget "TTTUITests" */ = {
			isa = XCConfigurationList;
			buildConfigurations = (
				010A22212B8D90BD008F5CD4 /* Debug */,
				010A22222B8D90BD008F5CD4 /* Release */,
			);
			defaultConfigurationIsVisible = 0;
			defaultConfigurationName = Release;
		};
/* End XCConfigurationList section */
	};
	rootObject = 010A21E32B8D90B6008F5CD4 /* Project object */;
}
